<?xml version="1.0" encoding="utf-8"?>
<Project ToolsVersion="4.0" xmlns="http://schemas.microsoft.com/developer/msbuild/2003">
  <ItemGroup>
    <Filter Include="ソース ファイル">
      <UniqueIdentifier>{4FC737F1-C7A5-4376-A066-2A32D752A2FF}</UniqueIdentifier>
      <Extensions>cpp;c;cc;cxx;c++;cppm;ixx;def;odl;idl;hpj;bat;asm;asmx</Extensions>
    </Filter>
    <Filter Include="ヘッダー ファイル">
      <UniqueIdentifier>{93995380-89BD-4b04-88EB-625FBE52EBFB}</UniqueIdentifier>
      <Extensions>h;hh;hpp;hxx;h++;hm;inl;inc;ipp;xsd</Extensions>
    </Filter>
    <Filter Include="リソース ファイル">
      <UniqueIdentifier>{67DA6AB6-F800-4c08-8B7A-83BB121AAD01}</UniqueIdentifier>
      <Extensions>rc;ico;cur;bmp;dlg;rc2;rct;bin;rgs;gif;jpg;jpeg;jpe;resx;tiff;tif;png;wav;mfcribbon-ms</Extensions>
    </Filter>
    <Filter Include="PMX">
      <UniqueIdentifier>{6370a586-ba57-46fa-99eb-efccba69bca9}</UniqueIdentifier>
    </Filter>
    <Filter Include="PMD">
      <UniqueIdentifier>{2eb5734c-5303-4805-91cf-29b993df8a71}</UniqueIdentifier>
    </Filter>
    <Filter Include="FBX">
      <UniqueIdentifier>{93c54ae3-0773-4ca4-b325-c3bd7dc936b7}</UniqueIdentifier>
    </Filter>
    <Filter Include="Utility">
      <UniqueIdentifier>{71029375-98c0-46b5-87a4-39ebae61c9e0}</UniqueIdentifier>
    </Filter>
  </ItemGroup>
  <ItemGroup>
    <ClCompile Include="main.cpp">
      <Filter>ソース ファイル</Filter>
    </ClCompile>
    <ClCompile Include="ModelLoader\PMD\src\PMDLoader.cpp">
      <Filter>PMD</Filter>
    </ClCompile>
    <ClCompile Include="ModelLoader\PMX\src\PMXLoader.cpp">
      <Filter>PMX</Filter>
    </ClCompile>
    <ClCompile Include="ModelLoader\ModelImporter.cpp">
      <Filter>ソース ファイル</Filter>
    </ClCompile>
  </ItemGroup>
  <ItemGroup>
    <ClInclude Include="ModelLoader\ModelLoader.hpp">
      <Filter>ヘッダー ファイル</Filter>
    </ClInclude>
    <ClInclude Include="ModelLoader\PMX\PMXDataStruct.hpp">
      <Filter>PMX</Filter>
    </ClInclude>
    <ClInclude Include="ModelLoader\PMD\PMDDataStruct.hpp">
      <Filter>PMD</Filter>
    </ClInclude>
    <ClInclude Include="ModelLoader\PMX\PMXFile.hpp">
      <Filter>PMX</Filter>
    </ClInclude>
    <ClInclude Include="ModelLoader\PMD\PMDFile.hpp">
      <Filter>PMD</Filter>
    </ClInclude>
    <ClInclude Include="ModelLoader\FBX\FBXDataStruct.hpp">
      <Filter>FBX</Filter>
    </ClInclude>
    <ClInclude Include="ModelLoader\PMD\PMDLoader.hpp">
      <Filter>PMD</Filter>
    </ClInclude>
    <ClInclude Include="ModelLoader\PMX\PMXLoader.hpp">
      <Filter>PMX</Filter>
    </ClInclude>
    <ClInclude Include="model_debugger.h">
      <Filter>ソース ファイル</Filter>
    </ClInclude>
    <ClInclude Include="ModelLoader\ModelData.hpp">
      <Filter>ヘッダー ファイル</Filter>
    </ClInclude>
    <ClInclude Include="ModelLoader\ModelImporter.hpp">
      <Filter>ヘッダー ファイル</Filter>
    </ClInclude>
  </ItemGroup>
</Project>